
Microsoft Visual Studio Solution File, Format Version 12.00
# Visual Studio Version 16
VisualStudioVersion = 16.0.31410.357
MinimumVisualStudioVersion = 10.0.40219.1
Project("{FAE04EC0-301F-11D3-BF4B-00C04F79EFBC}") = "WebApiClient", "WebApiClient\WebApiClient.csproj", "{D93DDA55-F8AF-4777-B058-6D12F05FA0E5}"
EndProject
Global
	GlobalSection(SolutionConfigurationPlatforms) = preSolution
		Debug|Any CPU = Debug|Any CPU
		Release|Any CPU = Release|Any CPU
	EndGlobalSection
	GlobalSection(ProjectConfigurationPlatforms) = postSolution
		{D93DDA55-F8AF-4777-B058-6D12F05FA0E5}.Debug|Any CPU.ActiveCfg = Debug|Any CPU
		{D93DDA55-F8AF-4777-B058-6D12F05FA0E5}.Debug|Any CPU.Build.0 = Debug|Any CPU
		{D93DDA55-F8AF-4777-B058-6D12F05FA0E5}.Release|Any CPU.ActiveCfg = Release|Any CPU
		{D93DDA55-F8AF-4777-B058-6D12F05FA0E5}.Release|Any CPU.Build.0 = Release|Any CPU
	EndGlobalSection
	GlobalSection(SolutionProperties) = preSolution
		HideSolutionNode = FALSE
	EndGlobalSection
	GlobalSection(ExtensibilityGlobals) = postSolution
		SolutionGuid = {B45C05C6-7444-4C12-B2B3-0E64D447C289}
	EndGlobalSection
EndGlobal
